
Microsoft Visual Studio Solution File, Format Version 12.00
# Visual Studio Version 17
VisualStudioVersion = 17.13.35931.197 d17.13
MinimumVisualStudioVersion = 10.0.40219.1
Project("{FAE04EC0-301F-11D3-BF4B-00C04F79EFBC}") = "ejemplo1", "ejemplo1\ejemplo1.csproj", "{D6920573-26EA-4E51-8689-E2F1740AF8AB}"
EndProject
Global
	GlobalSection(SolutionConfigurationPlatforms) = preSolution
		Debug|Any CPU = Debug|Any CPU
		Release|Any CPU = Release|Any CPU
	EndGlobalSection
	GlobalSection(ProjectConfigurationPlatforms) = postSolution
		{D6920573-26EA-4E51-8689-E2F1740AF8AB}.Debug|Any CPU.ActiveCfg = Debug|Any CPU
		{D6920573-26EA-4E51-8689-E2F1740AF8AB}.Debug|Any CPU.Build.0 = Debug|Any CPU
		{D6920573-26EA-4E51-8689-E2F1740AF8AB}.Release|Any CPU.ActiveCfg = Release|Any CPU
		{D6920573-26EA-4E51-8689-E2F1740AF8AB}.Release|Any CPU.Build.0 = Release|Any CPU
	EndGlobalSection
	GlobalSection(SolutionProperties) = preSolution
		HideSolutionNode = FALSE
	EndGlobalSection
	GlobalSection(ExtensibilityGlobals) = postSolution
		SolutionGuid = {41E64FD2-983F-42E4-BF61-D594273A1AD8}
	EndGlobalSection
EndGlobal
